
Microsoft Visual Studio Solution File, Format Version 12.00
# Visual Studio Version 17
VisualStudioVersion = 17.3.32922.545
MinimumVisualStudioVersion = 10.0.40219.1
Project("{9A19103F-16F7-4668-BE54-9A1E7A4F7556}") = "DEVUXC_HFT_2022231Client", "DEVUXC_HFT_2022231Client\DEVUXC_HFT_2022231Client.csproj", "{F3609166-9C71-433F-BD5E-540C5CA04179}"
EndProject
Project("{9A19103F-16F7-4668-BE54-9A1E7A4F7556}") = "DEVUXC_HFT_2022231.Models", "DEVUXC_HFT_2022231.Models\DEVUXC_HFT_2022231.Models.csproj", "{4503ACE4-1FF1-437B-9EEF-B025E02572D1}"
EndProject
Project("{9A19103F-16F7-4668-BE54-9A1E7A4F7556}") = "DEVUXC_HFT_2022231.Logic", "DEVUXC_HFT_2022231.Logic\DEVUXC_HFT_2022231.Logic.csproj", "{FC5D30FB-ED0F-4C97-98BC-326276ADD85F}"
EndProject
Project("{9A19103F-16F7-4668-BE54-9A1E7A4F7556}") = "DEVUXC_HFT_2022231.Test", "DEVUXC_HFT_2022231.Test\DEVUXC_HFT_2022231.Test.csproj", "{0F07D523-4357-4E6F-A288-C97F22C26067}"
EndProject
Project("{9A19103F-16F7-4668-BE54-9A1E7A4F7556}") = "DEVUXC_HFT_2022231.Repository", "DEVUXC_HFT_2022231.Repository\DEVUXC_HFT_2022231.Repository.csproj", "{FE6FF0A5-0B9B-4CC9-A493-C101202425B5}"
EndProject
Project("{2150E333-8FDC-42A3-9474-1A3956D46DE8}") = "Frontend", "Frontend", "{95358036-F59E-4AB3-A827-F12E51058F1E}"
EndProject
Project("{2150E333-8FDC-42A3-9474-1A3956D46DE8}") = "Backend", "Backend", "{8167D6EF-E942-4970-99C3-70101C0FD8A0}"
EndProject
Project("{2150E333-8FDC-42A3-9474-1A3956D46DE8}") = "Shared", "Shared", "{F2FEAE97-07A4-4E01-8561-B97582B8F53C}"
EndProject
Project("{9A19103F-16F7-4668-BE54-9A1E7A4F7556}") = "DEVUXC._HFT_2022231.EndPoint", "DEVUXC._HFT_2022231.EndPoint\DEVUXC._HFT_2022231.EndPoint.csproj", "{BCB9DB28-7835-4920-8CC3-388E8C49E51E}"
EndProject
Project("{9A19103F-16F7-4668-BE54-9A1E7A4F7556}") = "DEVUXC_GUI_2022232WPFClient.old", "DEVUXC_GUI_2022232WPFClient\DEVUXC_GUI_2022232WPFClient.old.csproj", "{80FCBD76-94CC-488E-B383-BD785686280C}"
EndProject
Project("{FAE04EC0-301F-11D3-BF4B-00C04F79EFBC}") = "DEVUXC_HFT_2022232.WPFClient", "DEVUXC_HFT_2022232.WPFClient\DEVUXC_HFT_2022232.WPFClient.csproj", "{DEAD716E-3508-4E4D-8EEE-D4670A3B5CB7}"
EndProject
Global
	GlobalSection(SolutionConfigurationPlatforms) = preSolution
		Debug|Any CPU = Debug|Any CPU
		Release|Any CPU = Release|Any CPU
	EndGlobalSection
	GlobalSection(ProjectConfigurationPlatforms) = postSolution
		{F3609166-9C71-433F-BD5E-540C5CA04179}.Debug|Any CPU.ActiveCfg = Debug|Any CPU
		{F3609166-9C71-433F-BD5E-540C5CA04179}.Debug|Any CPU.Build.0 = Debug|Any CPU
		{F3609166-9C71-433F-BD5E-540C5CA04179}.Release|Any CPU.ActiveCfg = Release|Any CPU
		{F3609166-9C71-433F-BD5E-540C5CA04179}.Release|Any CPU.Build.0 = Release|Any CPU
		{4503ACE4-1FF1-437B-9EEF-B025E02572D1}.Debug|Any CPU.ActiveCfg = Debug|Any CPU
		{4503ACE4-1FF1-437B-9EEF-B025E02572D1}.Debug|Any CPU.Build.0 = Debug|Any CPU
		{4503ACE4-1FF1-437B-9EEF-B025E02572D1}.Release|Any CPU.ActiveCfg = Release|Any CPU
		{4503ACE4-1FF1-437B-9EEF-B025E02572D1}.Release|Any CPU.Build.0 = Release|Any CPU
		{FC5D30FB-ED0F-4C97-98BC-326276ADD85F}.Debug|Any CPU.ActiveCfg = Debug|Any CPU
		{FC5D30FB-ED0F-4C97-98BC-326276ADD85F}.Debug|Any CPU.Build.0 = Debug|Any CPU
		{FC5D30FB-ED0F-4C97-98BC-326276ADD85F}.Release|Any CPU.ActiveCfg = Release|Any CPU
		{FC5D30FB-ED0F-4C97-98BC-326276ADD85F}.Release|Any CPU.Build.0 = Release|Any CPU
		{0F07D523-4357-4E6F-A288-C97F22C26067}.Debug|Any CPU.ActiveCfg = Debug|Any CPU
		{0F07D523-4357-4E6F-A288-C97F22C26067}.Debug|Any CPU.Build.0 = Debug|Any CPU
		{0F07D523-4357-4E6F-A288-C97F22C26067}.Release|Any CPU.ActiveCfg = Release|Any CPU
		{0F07D523-4357-4E6F-A288-C97F22C26067}.Release|Any CPU.Build.0 = Release|Any CPU
		{FE6FF0A5-0B9B-4CC9-A493-C101202425B5}.Debug|Any CPU.ActiveCfg = Debug|Any CPU
		{FE6FF0A5-0B9B-4CC9-A493-C101202425B5}.Debug|Any CPU.Build.0 = Debug|Any CPU
		{FE6FF0A5-0B9B-4CC9-A493-C101202425B5}.Release|Any CPU.ActiveCfg = Release|Any CPU
		{FE6FF0A5-0B9B-4CC9-A493-C101202425B5}.Release|Any CPU.Build.0 = Release|Any CPU
		{BCB9DB28-7835-4920-8CC3-388E8C49E51E}.Debug|Any CPU.ActiveCfg = Debug|Any CPU
		{BCB9DB28-7835-4920-8CC3-388E8C49E51E}.Debug|Any CPU.Build.0 = Debug|Any CPU
		{BCB9DB28-7835-4920-8CC3-388E8C49E51E}.Release|Any CPU.ActiveCfg = Release|Any CPU
		{BCB9DB28-7835-4920-8CC3-388E8C49E51E}.Release|Any CPU.Build.0 = Release|Any CPU
		{80FCBD76-94CC-488E-B383-BD785686280C}.Debug|Any CPU.ActiveCfg = Debug|Any CPU
		{80FCBD76-94CC-488E-B383-BD785686280C}.Debug|Any CPU.Build.0 = Debug|Any CPU
		{80FCBD76-94CC-488E-B383-BD785686280C}.Release|Any CPU.ActiveCfg = Release|Any CPU
		{80FCBD76-94CC-488E-B383-BD785686280C}.Release|Any CPU.Build.0 = Release|Any CPU
		{DEAD716E-3508-4E4D-8EEE-D4670A3B5CB7}.Debug|Any CPU.ActiveCfg = Debug|Any CPU
		{DEAD716E-3508-4E4D-8EEE-D4670A3B5CB7}.Debug|Any CPU.Build.0 = Debug|Any CPU
		{DEAD716E-3508-4E4D-8EEE-D4670A3B5CB7}.Release|Any CPU.ActiveCfg = Release|Any CPU
		{DEAD716E-3508-4E4D-8EEE-D4670A3B5CB7}.Release|Any CPU.Build.0 = Release|Any CPU
	EndGlobalSection
	GlobalSection(SolutionProperties) = preSolution
		HideSolutionNode = FALSE
	EndGlobalSection
	GlobalSection(NestedProjects) = preSolution
		{F3609166-9C71-433F-BD5E-540C5CA04179} = {95358036-F59E-4AB3-A827-F12E51058F1E}
		{4503ACE4-1FF1-437B-9EEF-B025E02572D1} = {F2FEAE97-07A4-4E01-8561-B97582B8F53C}
		{FC5D30FB-ED0F-4C97-98BC-326276ADD85F} = {8167D6EF-E942-4970-99C3-70101C0FD8A0}
		{0F07D523-4357-4E6F-A288-C97F22C26067} = {8167D6EF-E942-4970-99C3-70101C0FD8A0}
		{FE6FF0A5-0B9B-4CC9-A493-C101202425B5} = {8167D6EF-E942-4970-99C3-70101C0FD8A0}
		{BCB9DB28-7835-4920-8CC3-388E8C49E51E} = {8167D6EF-E942-4970-99C3-70101C0FD8A0}
		{80FCBD76-94CC-488E-B383-BD785686280C} = {95358036-F59E-4AB3-A827-F12E51058F1E}
		{DEAD716E-3508-4E4D-8EEE-D4670A3B5CB7} = {95358036-F59E-4AB3-A827-F12E51058F1E}
	EndGlobalSection
	GlobalSection(ExtensibilityGlobals) = postSolution
		SolutionGuid = {EE97274C-6E38-4EDE-9C09-18DEC696A04D}
	EndGlobalSection
EndGlobal
