
Microsoft Visual Studio Solution File, Format Version 12.00
# Visual Studio Version 17
VisualStudioVersion = 17.3.32922.545
MinimumVisualStudioVersion = 10.0.40219.1
Project("{9A19103F-16F7-4668-BE54-9A1E7A4F7556}") = "DEVUXC_HFT_2022231Client", "DEVUXC_HFT_2022231Client\DEVUXC_HFT_2022231Client.csproj", "{F3609166-9C71-433F-BD5E-540C5CA04179}"
EndProject
Project("{FAE04EC0-301F-11D3-BF4B-00C04F79EFBC}") = "DEVUXC_HFT_2022231.Models", "DEVUXC_HFT_2022231.Models\DEVUXC_HFT_2022231.Models.csproj", "{4503ACE4-1FF1-437B-9EEF-B025E02572D1}"
EndProject
Project("{FAE04EC0-301F-11D3-BF4B-00C04F79EFBC}") = "DEVUXC_HFT_2022231.Logic", "DEVUXC_HFT_2022231.Logic\DEVUXC_HFT_2022231.Logic.csproj", "{FC5D30FB-ED0F-4C97-98BC-326276ADD85F}"
EndProject
Project("{FAE04EC0-301F-11D3-BF4B-00C04F79EFBC}") = "DEVUXC_HFT_2022231.EndPoint", "DEVUXC_HFT_2022231.EndPoint\DEVUXC_HFT_2022231.EndPoint.csproj", "{CA5AA2E4-73BF-4D0F-A94F-23D37357167E}"
EndProject
Project("{FAE04EC0-301F-11D3-BF4B-00C04F79EFBC}") = "DEVUXC_HFT_2022231.Test", "DEVUXC_HFT_2022231.Test\DEVUXC_HFT_2022231.Test.csproj", "{0F07D523-4357-4E6F-A288-C97F22C26067}"
EndProject
Project("{FAE04EC0-301F-11D3-BF4B-00C04F79EFBC}") = "DEVUXC_HFT_2022231.Repository", "DEVUXC_HFT_2022231.Repository\DEVUXC_HFT_2022231.Repository.csproj", "{FE6FF0A5-0B9B-4CC9-A493-C101202425B5}"
EndProject
Global
	GlobalSection(SolutionConfigurationPlatforms) = preSolution
		Debug|Any CPU = Debug|Any CPU
		Release|Any CPU = Release|Any CPU
	EndGlobalSection
	GlobalSection(ProjectConfigurationPlatforms) = postSolution
		{F3609166-9C71-433F-BD5E-540C5CA04179}.Debug|Any CPU.ActiveCfg = Debug|Any CPU
		{F3609166-9C71-433F-BD5E-540C5CA04179}.Debug|Any CPU.Build.0 = Debug|Any CPU
		{F3609166-9C71-433F-BD5E-540C5CA04179}.Release|Any CPU.ActiveCfg = Release|Any CPU
		{F3609166-9C71-433F-BD5E-540C5CA04179}.Release|Any CPU.Build.0 = Release|Any CPU
		{4503ACE4-1FF1-437B-9EEF-B025E02572D1}.Debug|Any CPU.ActiveCfg = Debug|Any CPU
		{4503ACE4-1FF1-437B-9EEF-B025E02572D1}.Debug|Any CPU.Build.0 = Debug|Any CPU
		{4503ACE4-1FF1-437B-9EEF-B025E02572D1}.Release|Any CPU.ActiveCfg = Release|Any CPU
		{4503ACE4-1FF1-437B-9EEF-B025E02572D1}.Release|Any CPU.Build.0 = Release|Any CPU
		{FC5D30FB-ED0F-4C97-98BC-326276ADD85F}.Debug|Any CPU.ActiveCfg = Debug|Any CPU
		{FC5D30FB-ED0F-4C97-98BC-326276ADD85F}.Debug|Any CPU.Build.0 = Debug|Any CPU
		{FC5D30FB-ED0F-4C97-98BC-326276ADD85F}.Release|Any CPU.ActiveCfg = Release|Any CPU
		{FC5D30FB-ED0F-4C97-98BC-326276ADD85F}.Release|Any CPU.Build.0 = Release|Any CPU
		{CA5AA2E4-73BF-4D0F-A94F-23D37357167E}.Debug|Any CPU.ActiveCfg = Debug|Any CPU
		{CA5AA2E4-73BF-4D0F-A94F-23D37357167E}.Debug|Any CPU.Build.0 = Debug|Any CPU
		{CA5AA2E4-73BF-4D0F-A94F-23D37357167E}.Release|Any CPU.ActiveCfg = Release|Any CPU
		{CA5AA2E4-73BF-4D0F-A94F-23D37357167E}.Release|Any CPU.Build.0 = Release|Any CPU
		{0F07D523-4357-4E6F-A288-C97F22C26067}.Debug|Any CPU.ActiveCfg = Debug|Any CPU
		{0F07D523-4357-4E6F-A288-C97F22C26067}.Debug|Any CPU.Build.0 = Debug|Any CPU
		{0F07D523-4357-4E6F-A288-C97F22C26067}.Release|Any CPU.ActiveCfg = Release|Any CPU
		{0F07D523-4357-4E6F-A288-C97F22C26067}.Release|Any CPU.Build.0 = Release|Any CPU
		{FE6FF0A5-0B9B-4CC9-A493-C101202425B5}.Debug|Any CPU.ActiveCfg = Debug|Any CPU
		{FE6FF0A5-0B9B-4CC9-A493-C101202425B5}.Debug|Any CPU.Build.0 = Debug|Any CPU
		{FE6FF0A5-0B9B-4CC9-A493-C101202425B5}.Release|Any CPU.ActiveCfg = Release|Any CPU
		{FE6FF0A5-0B9B-4CC9-A493-C101202425B5}.Release|Any CPU.Build.0 = Release|Any CPU
	EndGlobalSection
	GlobalSection(SolutionProperties) = preSolution
		HideSolutionNode = FALSE
	EndGlobalSection
	GlobalSection(ExtensibilityGlobals) = postSolution
		SolutionGuid = {EE97274C-6E38-4EDE-9C09-18DEC696A04D}
	EndGlobalSection
EndGlobal
